github.com/BurntSushi/freetype-go v0.0.0-20160129220410-b763ddbfe298/go.mod h1:D+QujdIlUNfa0igpNMk6UIvlb6C252URs4yupRUV4lQ=
github.com/BurntSushi/graphics-go v0.0.0-20160129215708-b43f31a4a966/go.mod h1:Mid70uvE93zn9wgF92A/r5ixgnvX8Lh68fxp9KQBaI0=
github.com/StackExchange/wmi v1.2.1 h1:VIkavFPXSjcnS+O8yTq7NI32k0R5Aj+v39y29VYDOSA=
github.com/StackExchange/wmi v1.2.1/go.mod h1:rcmrprowKIVzvc+NUiLncP2uuArMWLCbu9SBzvHz7e8=
github.com/bendahl/uinput v1.5.1 h1:zDa916qAqvph+LkLtMdomIoRYruLpBjEqC8hrmJLyXU=
github.com/bendahl/uinput v1.5.1/go.mod h1:Np7w3DINc9wB83p12fTAM3DPPhFnAKP0WTXRqCQJ6Z8=
github.com/davecgh/go-spew v1.1.1 h1:vj9j/u1bqnvCEfJOwUhtlOARqs3+rkHYY13jYWTU97c=
github.com/go-ole/go-ole v1.2.5/go.mod h1:pprOEPIfldk/42T2oK7lQ4v4JSDwmV0As9GaiUsvbm0=
github.com/go-ole/go-ole v1.2.6 h1:/Fpf6oFPoeFik9ty7siob0G6Ke8QvQEuVcuChpwXzpY=
github.com/go-ole/go-ole v1.2.6/go.mod h1:pprOEPIfldk/42T2oK7lQ4v4JSDwmV0As9GaiUsvbm0=
github.com/go-vgo/robotgo v0.100.10 h1:bZe7AslG6oq5ops1SWUxsPfM9Z3QQvlqfA3ezxLFNO4=
github.com/go-vgo/robotgo v0.100.10/go.mod h1:7QeIpSHX7bjeXWRPxvQeKSx9mHI+3l80Ahq+CQF0C68=
github.com/jinzhu/copier v0.3.5 h1:GlvfUwHk62RokgqVNvYsku0TATCF7bAHVwEXoBh3iJg=
github.com/jinzhu/copier v0.3.5/go.mod h1:DfbEm0FYsaqBcKcFuvmOZb218JkPGtvSHsKg8S8hyyg=
github.com/lxn/win v0.0.0-20210218163916-a377121e959e h1:H+t6A/QJMbhCSEH5rAuRxh+CtW96g0Or0Fxa9IKr4uc=
github.com/lxn/win v0.0.0-20210218163916-a377121e959e/go.mod h1:KxxjdtRkfNoYDCUP5ryK7XJJNTnpC8atvtmTheChOtk=
github.com/otiai10/gosseract v2.2.1+incompatible h1:Ry5ltVdpdp4LAa2bMjsSJH34XHVOV7XMi41HtzL8X2I=
github.com/otiai10/gosseract v2.2.1+incompatible/go.mod h1:XrzWItCzCpFRZ35n3YtVTgq5bLAhFIkascoRo8G32QE=
github.com/otiai10/mint v1.3.0 h1:Ady6MKVezQwHBkGzLFbrsywyp09Ah7rkmfjV3Bcr5uc=
github.com/pmezard/go-difflib v1.0.0 h1:4DBwDE0NGyQoBHbLQYPwSUPoCMWR5BEzIk/f1lZbAQM=
github.com/positiveway/gofuncs v0.1.9 h1:Cdz3UPJKY4oerv4J8JUWHqMFoFAZYZIBsjIg02lQbT4=
github.com/positiveway/gofuncs v0.1.9/go.mod h1:Chi2IKmxkA+p+f2PAMNB1nFQLo6p5j2MYAKy62Y6IBw=
github.com/positiveway/gofuncs v0.1.10-0.20220803114814-8f328eed6168 h1:OhhAGYgIme3MWwtaJzF83RyhqzWdlPxJYm7RwGKViIw=
github.com/positiveway/gofuncs v0.1.10-0.20220803114814-8f328eed6168/go.mod h1:Chi2IKmxkA+p+f2PAMNB1nFQLo6p5j2MYAKy62Y6IBw=
github.com/positiveway/gofuncs v0.1.11-0.20220804073150-8a2dfe6708a1 h1:D8ljgxRX2LyG04+lTWC3+wYeXnsjdoUiOgNOJjGC2vA=
github.com/positiveway/gofuncs v0.1.11-0.20220804073150-8a2dfe6708a1/go.mod h1:Chi2IKmxkA+p+f2PAMNB1nFQLo6p5j2MYAKy62Y6IBw=
github.com/positiveway/gofuncs v0.1.11-0.20220804074412-8ea904d157eb h1:vcbpvQonyP1VXqOGLnTLErcJJcesiki6Dof0Iu2NHg4=
github.com/positiveway/gofuncs v0.1.11-0.20220804074412-8ea904d157eb/go.mod h1:Chi2IKmxkA+p+f2PAMNB1nFQLo6p5j2MYAKy62Y6IBw=
github.com/positiveway/gofuncs v0.1.11-0.20220810062925-4237ad0afd9e h1:185M0qfz9BomNROpeEsFMT5DxcP+fdSEesUdoq/rCLg=
github.com/positiveway/gofuncs v0.1.11-0.20220810062925-4237ad0afd9e/go.mod h1:Chi2IKmxkA+p+f2PAMNB1nFQLo6p5j2MYAKy62Y6IBw=
github.com/positiveway/gofuncs v0.1.11-0.20220810063716-89dc6841653b h1:qb0Fdm4YQ8gg+f8vqNJlzX3YtzKWYbn95teZcyUAEKg=
github.com/positiveway/gofuncs v0.1.11-0.20220810063716-89dc6841653b/go.mod h1:Chi2IKmxkA+p+f2PAMNB1nFQLo6p5j2MYAKy62Y6IBw=
github.com/positiveway/gofuncs v0.1.11-0.20220810091202-27467ebccf41 h1:s+QZv6nWYMtJdrjd/gF/q2f69p34EGiqnDxuZbVXqac=
github.com/positiveway/gofuncs v0.1.11-0.20220810091202-27467ebccf41/go.mod h1:Chi2IKmxkA+p+f2PAMNB1nFQLo6p5j2MYAKy62Y6IBw=
github.com/positiveway/gofuncs v0.1.11-0.20220813105130-04653a402533 h1:ZCqIYUdDqJgdaPvXnoacP6+JeWFazyFuTSRy3K4w12I=
github.com/positiveway/gofuncs v0.1.11-0.20220813105130-04653a402533/go.mod h1:Chi2IKmxkA+p+f2PAMNB1nFQLo6p5j2MYAKy62Y6IBw=
github.com/positiveway/gofuncs v0.1.11-0.20220816091350-28fba7e7ffbb h1:xuEZECb0JFlNcDcu3kOxszZiC/0HC9jygWrYWTO4Okw=
github.com/positiveway/gofuncs v0.1.11-0.20220816091350-28fba7e7ffbb/go.mod h1:Chi2IKmxkA+p+f2PAMNB1nFQLo6p5j2MYAKy62Y6IBw=
github.com/positiveway/gofuncs v0.1.11-0.20220816092812-fa16a4ebe942 h1:YTCs8uMgt7a6unu3QG76PRvhLs2hb+aV+mS1/H17xDg=
github.com/positiveway/gofuncs v0.1.11-0.20220816092812-fa16a4ebe942/go.mod h1:Chi2IKmxkA+p+f2PAMNB1nFQLo6p5j2MYAKy62Y6IBw=
github.com/positiveway/gofuncs v0.1.11-0.20220822141226-41b1c734a558 h1:wzxLXYe+syXPyd4MJFum4KiOxspliSmTAbmzDFiTjJg=
github.com/positiveway/gofuncs v0.1.11-0.20220822141226-41b1c734a558/go.mod h1:Chi2IKmxkA+p+f2PAMNB1nFQLo6p5j2MYAKy62Y6IBw=
github.com/positiveway/gofuncs v0.1.11-0.20220831102518-8394928796c6 h1:0Njt2L8EKoVTFgpfIphJ4+Pqso0rAK6/sOzyfCGEXqE=
github.com/positiveway/gofuncs v0.1.11-0.20220831102518-8394928796c6/go.mod h1:Chi2IKmxkA+p+f2PAMNB1nFQLo6p5j2MYAKy62Y6IBw=
github.com/positiveway/gofuncs v0.1.11-0.20220831104738-0e6623688d65 h1:0ICECUzylm0N+LlU7ZrbM2zLA9xRbjAdMTuUzP19lxg=
github.com/positiveway/gofuncs v0.1.11-0.20220831104738-0e6623688d65/go.mod h1:Chi2IKmxkA+p+f2PAMNB1nFQLo6p5j2MYAKy62Y6IBw=
github.com/positiveway/gofuncs v0.1.11-0.20220831111929-4bfe9d74db5d h1:cLOA6V+vn/qO2ugweTlCAon1DCa3W17ixo9ZvNKEwPc=
github.com/positiveway/gofuncs v0.1.11-0.20220831111929-4bfe9d74db5d/go.mod h1:Chi2IKmxkA+p+f2PAMNB1nFQLo6p5j2MYAKy62Y6IBw=
github.com/positiveway/gofuncs v0.1.11-0.20220901141028-641064e324ca h1:uSndvydLYvBqTjVKgoj35STg7qV6DFrLQ2PiK41bh/Y=
github.com/positiveway/gofuncs v0.1.11-0.20220901141028-641064e324ca/go.mod h1:Chi2IKmxkA+p+f2PAMNB1nFQLo6p5j2MYAKy62Y6IBw=
github.com/positiveway/gofuncs v0.1.11-0.20220901142324-644d0833e2b7 h1:D54CX3roxE6DDQArm1eK6QY8n2Xv6gDcWmJnDAz3+A4=
github.com/positiveway/gofuncs v0.1.11-0.20220901142324-644d0833e2b7/go.mod h1:Chi2IKmxkA+p+f2PAMNB1nFQLo6p5j2MYAKy62Y6IBw=
github.com/positiveway/gofuncs v0.1.11-0.20220901142553-82f1232f2a16 h1:T682MBjpHnXKCegGnkZCtyI/P5bCszYb4j+mkEOATe0=
github.com/positiveway/gofuncs v0.1.11-0.20220901142553-82f1232f2a16/go.mod h1:Chi2IKmxkA+p+f2PAMNB1nFQLo6p5j2MYAKy62Y6IBw=
github.com/positiveway/gofuncs v0.1.11-0.20220901143142-284790d04ddb h1:TMA9tIUQqfmisceG/oLsJpBXOvypQGyi8ZbylOgbfqM=
github.com/positiveway/gofuncs v0.1.11-0.20220901143142-284790d04ddb/go.mod h1:Chi2IKmxkA+p+f2PAMNB1nFQLo6p5j2MYAKy62Y6IBw=
github.com/positiveway/gofuncs v0.1.11-0.20220901144245-1903130835e1 h1:MwEAX99Y+wGoLFLsjrd8C47Vgjisr9C7ciNWLNldrRY=
github.com/positiveway/gofuncs v0.1.11-0.20220901144245-1903130835e1/go.mod h1:Chi2IKmxkA+p+f2PAMNB1nFQLo6p5j2MYAKy62Y6IBw=
github.com/positiveway/gofuncs v0.1.11-0.20220901144658-c0037432e93a h1:UV5qEYnXkWQoQOhT0+CHS3/ZV286ayKihf+Tn+y4cPg=
github.com/positiveway/gofuncs v0.1.11-0.20220901144658-c0037432e93a/go.mod h1:Chi2IKmxkA+p+f2PAMNB1nFQLo6p5j2MYAKy62Y6IBw=
github.com/positiveway/gofuncs v0.1.11-0.20220901153903-a548ecd89ebb h1:kcnDtueCEBBEpd6WPQceEzYwThxACykjHwih+pd+wVc=
github.com/positiveway/gofuncs v0.1.11-0.20220901153903-a548ecd89ebb/go.mod h1:Chi2IKmxkA+p+f2PAMNB1nFQLo6p5j2MYAKy62Y6IBw=
github.com/positiveway/gofuncs v0.1.11-0.20220901153955-8d61616cfbfc h1:C2Iwu2wXQJXMrhC5NsWlYnK8prcH9D6qkZ0fsB1vBgE=
github.com/positiveway/gofuncs v0.1.11-0.20220901153955-8d61616cfbfc/go.mod h1:Chi2IKmxkA+p+f2PAMNB1nFQLo6p5j2MYAKy62Y6IBw=
github.com/positiveway/gofuncs v0.1.11-0.20220901154752-891cc8a7e383 h1:3Rb046fm4VYi/5ENNj/ayeCibpeV4pY36dxX6MNly30=
github.com/positiveway/gofuncs v0.1.11-0.20220901154752-891cc8a7e383/go.mod h1:Chi2IKmxkA+p+f2PAMNB1nFQLo6p5j2MYAKy62Y6IBw=
github.com/positiveway/gofuncs v0.1.11-0.20220901160045-68db1c215330 h1:VNLh78rtVCdcXpU2012NNbhVOlvoHc7zqgiClCYJzbY=
github.com/positiveway/gofuncs v0.1.11-0.20220901160045-68db1c215330/go.mod h1:Chi2IKmxkA+p+f2PAMNB1nFQLo6p5j2MYAKy62Y6IBw=
github.com/positiveway/gofuncs v0.1.11-0.20220901160924-b51b2c4ffbc2 h1:UyihewlVZYKt3aJLdNVSdI15DJ4fLO/PNdyrFCK/KFw=
github.com/positiveway/gofuncs v0.1.11-0.20220901160924-b51b2c4ffbc2/go.mod h1:Chi2IKmxkA+p+f2PAMNB1nFQLo6p5j2MYAKy62Y6IBw=
github.com/positiveway/gofuncs v0.1.11-0.20220903102442-db2f57fb9148 h1:jfqn28yPHiyLcGifIhEHdKKCLOgCLQ1UF1r8LCXN8p0=
github.com/positiveway/gofuncs v0.1.11-0.20220903102442-db2f57fb9148/go.mod h1:Chi2IKmxkA+p+f2PAMNB1nFQLo6p5j2MYAKy62Y6IBw=
github.com/positiveway/gofuncs v0.1.11-0.20220903103335-086862063ba0 h1:toZTzPRYVaFVwF/CN50tMnufEoeXb0/2P+hoDooThIY=
github.com/positiveway/gofuncs v0.1.11-0.20220903103335-086862063ba0/go.mod h1:Chi2IKmxkA+p+f2PAMNB1nFQLo6p5j2MYAKy62Y6IBw=
github.com/positiveway/gofuncs v0.1.11-0.20220903104218-1ccee4996821 h1:z+tu23g1+zBqgPyztkUc8cF9EJNNm48OlxWItPUDMR8=
github.com/positiveway/gofuncs v0.1.11-0.20220903104218-1ccee4996821/go.mod h1:Chi2IKmxkA+p+f2PAMNB1nFQLo6p5j2MYAKy62Y6IBw=
github.com/positiveway/gofuncs v0.1.11-0.20220903122405-1ee758138772 h1:8GUavn0AI98WlelIHzu4OXrSWJV9OHcfT8y0sRXp1gc=
github.com/positiveway/gofuncs v0.1.11-0.20220903122405-1ee758138772/go.mod h1:Chi2IKmxkA+p+f2PAMNB1nFQLo6p5j2MYAKy62Y6IBw=
github.com/positiveway/gofuncs v0.1.11-0.20220906090949-dded3585812b h1:p79Fd/9b4ARCVgvNQBRqEWia1TwxuA87CtnRc/vEMZ4=
github.com/positiveway/gofuncs v0.1.11-0.20220906090949-dded3585812b/go.mod h1:Chi2IKmxkA+p+f2PAMNB1nFQLo6p5j2MYAKy62Y6IBw=
github.com/positiveway/gofuncs v0.1.11-0.20220906093112-e0cfa67a221e h1:1ljgOmuC030RKtxVIni6rbspuoMYiS/sE9Yu1A+RoIQ=
github.com/positiveway/gofuncs v0.1.11-0.20220906093112-e0cfa67a221e/go.mod h1:Chi2IKmxkA+p+f2PAMNB1nFQLo6p5j2MYAKy62Y6IBw=
github.com/positiveway/gofuncs v0.1.11-0.20220906104027-daf88e5f529c h1:vm7kmu5qwjfqaKgXpn6MA+5NO3Lj/Fj0uyK/9JU0x7A=
github.com/positiveway/gofuncs v0.1.11-0.20220906104027-daf88e5f529c/go.mod h1:Chi2IKmxkA+p+f2PAMNB1nFQLo6p5j2MYAKy62Y6IBw=
github.com/positiveway/gofuncs v0.1.11-0.20220906111208-c21f5bb82221 h1:Pr7zrZBkribw79cFej38udQi4671l3iObKkdKnX0+nM=
github.com/positiveway/gofuncs v0.1.11-0.20220906111208-c21f5bb82221/go.mod h1:Chi2IKmxkA+p+f2PAMNB1nFQLo6p5j2MYAKy62Y6IBw=
github.com/positiveway/gofuncs v0.1.11-0.20220906111505-3fa17a5cba7b h1:R/1M56ZNBFryK1gD7m6EJbuHCbcTb5P3AA7jsIoLLcU=
github.com/positiveway/gofuncs v0.1.11-0.20220906111505-3fa17a5cba7b/go.mod h1:Chi2IKmxkA+p+f2PAMNB1nFQLo6p5j2MYAKy62Y6IBw=
github.com/positiveway/gofuncs v0.1.11-0.20220906123636-776d180e64c4 h1:Gh9jtUB8OWdwv1PFA8hmSioJVG6Q8yzuvkWe/DTfhwE=
github.com/positiveway/gofuncs v0.1.11-0.20220906123636-776d180e64c4/go.mod h1:Chi2IKmxkA+p+f2PAMNB1nFQLo6p5j2MYAKy62Y6IBw=
github.com/positiveway/gofuncs v0.1.11-0.20220906124115-e2b9897982d9 h1:P3i9puPbVyR6fO84dpwFMNbG2A7sAzJYYGwYhH03dPQ=
github.com/positiveway/gofuncs v0.1.11-0.20220906124115-e2b9897982d9/go.mod h1:Chi2IKmxkA+p+f2PAMNB1nFQLo6p5j2MYAKy62Y6IBw=
github.com/positiveway/gofuncs v0.1.11-0.20220907094811-c626235750ad h1:hAZYXIkEVrrW1/1RgDJ4p0/3yoa4bu9khtxFUpAqlM8=
github.com/positiveway/gofuncs v0.1.11-0.20220907094811-c626235750ad/go.mod h1:Chi2IKmxkA+p+f2PAMNB1nFQLo6p5j2MYAKy62Y6IBw=
github.com/positiveway/gofuncs v0.1.11-0.20220907101821-00c90ce574d5 h1:Rr2kjOY/Q1ydPzGs70EHD9ewp4mIZGHPjgvZiLaBHYc=
github.com/positiveway/gofuncs v0.1.11-0.20220907101821-00c90ce574d5/go.mod h1:Chi2IKmxkA+p+f2PAMNB1nFQLo6p5j2MYAKy62Y6IBw=
github.com/positiveway/gofuncs v0.1.11-0.20220907102120-032b45d3e948 h1:bpE84GNQGnvwPD45b5cfPjlMWC2/k2PiSusESIoshRA=
github.com/positiveway/gofuncs v0.1.11-0.20220907102120-032b45d3e948/go.mod h1:Chi2IKmxkA+p+f2PAMNB1nFQLo6p5j2MYAKy62Y6IBw=
github.com/positiveway/gofuncs v0.1.11-0.20220907103314-ff6c4aea9962 h1:hTBEUF0uIHu3yyNZi0RassrrDaIHACxhNkACuB2qpfU=
github.com/positiveway/gofuncs v0.1.11-0.20220907103314-ff6c4aea9962/go.mod h1:Chi2IKmxkA+p+f2PAMNB1nFQLo6p5j2MYAKy62Y6IBw=
github.com/positiveway/gofuncs v0.1.11-0.20220909185900-7d7c2e3f7e0d h1:GsJJLa5wscPsvuosaFDBWrWhVG1p7rkwFGejyI29R+o=
github.com/positiveway/gofuncs v0.1.11-0.20220909185900-7d7c2e3f7e0d/go.mod h1:Chi2IKmxkA+p+f2PAMNB1nFQLo6p5j2MYAKy62Y6IBw=
github.com/positiveway/gofuncs v0.1.11-0.20220909190449-5e11204eb8bf h1:talkSLNiyeWAkU8RL4vCXLyx4k95pg3aqWQBXqWD4EY=
github.com/positiveway/gofuncs v0.1.11-0.20220909190449-5e11204eb8bf/go.mod h1:Chi2IKmxkA+p+f2PAMNB1nFQLo6p5j2MYAKy62Y6IBw=
github.com/positiveway/gofuncs v0.1.11-0.20220909193354-1aaf3b129904 h1:+Rkzyv31EqzkKZ72QnbTKmaOdl3TctuErV5Iz/tA+Vw=
github.com/positiveway/gofuncs v0.1.11-0.20220909193354-1aaf3b129904/go.mod h1:Chi2IKmxkA+p+f2PAMNB1nFQLo6p5j2MYAKy62Y6IBw=
github.com/positiveway/gofuncs v0.1.11-0.20220918221714-7f04a6e3970c h1:DqdrNPWeD+MJFU6JT8yhwH1byyR6vTExEb5y8ceWw7g=
github.com/positiveway/gofuncs v0.1.11-0.20220918221714-7f04a6e3970c/go.mod h1:Chi2IKmxkA+p+f2PAMNB1nFQLo6p5j2MYAKy62Y6IBw=
github.com/positiveway/gofuncs v0.1.11-0.20220918222810-a31cabc105ed h1:6Y0kyeqaiqUmhW5aow48rLrkkvpHFs6/Cff+dEfld80=
github.com/positiveway/gofuncs v0.1.11-0.20220918222810-a31cabc105ed/go.mod h1:Chi2IKmxkA+p+f2PAMNB1nFQLo6p5j2MYAKy62Y6IBw=
github.com/positiveway/gofuncs v0.1.11-0.20220920182056-26f1970460d1 h1:EyYbLLArlAkFEnTk6aPg3JeWn3XiebkXlJs/LxyXNC0=
github.com/positiveway/gofuncs v0.1.11-0.20220920182056-26f1970460d1/go.mod h1:Chi2IKmxkA+p+f2PAMNB1nFQLo6p5j2MYAKy62Y6IBw=
github.com/robotn/gohook v0.31.3 h1:kGX8iukJ9ensVRwRKnTtdojAMQOpa6KFnXDi4OA4RaI=
github.com/robotn/gohook v0.31.3/go.mod h1:wyGik0yb4iwCfJjDprtNkTyxkgQWuKoVPQ3hkz6+6js=
github.com/robotn/xgb v0.0.0-20190912153532-2cb92d044934 h1:2lhSR8N3T6I30q096DT7/5AKEIcf1vvnnWAmS0wfnNY=
github.com/robotn/xgb v0.0.0-20190912153532-2cb92d044934/go.mod h1:SxQhJskUJ4rleVU44YvnrdvxQr0tKy5SRSigBrCgyyQ=
github.com/robotn/xgbutil v0.0.0-20190912154524-c861d6f87770 h1:2uX8QRLkkxn2EpAQ6I3KhA79BkdRZfvugJUzJadiJwk=
github.com/robotn/xgbutil v0.0.0-20190912154524-c861d6f87770/go.mod h1:svkDXUDQjUiWzLrA0OZgHc4lbOts3C+uRfP6/yjwYnU=
github.com/shirou/gopsutil v3.21.10+incompatible h1:AL2kpVykjkqeN+MFe1WcwSBVUjGjvdU8/ubvCuXAjrU=
github.com/shirou/gopsutil v3.21.10+incompatible/go.mod h1:5b4v6he4MtMOwMlS0TUMTu2PcXUg8+E1lC7eC3UO/RA=
github.com/stretchr/testify v1.6.1 h1:hDPOHmpOpP40lSULcqw7IrRb/u7w6RpDC9399XyoNd0=
github.com/tklauser/go-sysconf v0.3.9 h1:JeUVdAOWhhxVcU6Eqr/ATFHgXk/mmiItdKeJPev3vTo=
github.com/tklauser/go-sysconf v0.3.9/go.mod h1:11DU/5sG7UexIrp/O6g35hrWzu0JxlwQ3LSFUzyeuhs=
github.com/tklauser/numcpus v0.3.0 h1:ILuRUQBtssgnxw0XXIjKUC56fgnOrFoQQ/4+DeU2biQ=
github.com/tklauser/numcpus v0.3.0/go.mod h1:yFGUr7TUHQRAhyqBcEg0Ge34zDBAsIvJJcyE6boqnA8=
github.com/vcaesar/gops v0.21.3 h1:VR7amkxVv9CQfsotkXrmMyT19dVuNTa1PM/oopJeIc0=
github.com/vcaesar/gops v0.21.3/go.mod h1:3e2EnlZTI9/44bqzRwkeZ3s0ZQwK2Cn4QPLx8Ii8Agk=
github.com/vcaesar/imgo v0.30.0 h1:ODQVX0EFJEh+WkKahCBtE0SqcDCIjl/kjiOplR0Ouh8=
github.com/vcaesar/imgo v0.30.0/go.mod h1:8TGnt5hjaMgwDByvMFIzUDSh5uSea4n1tAbSvnhvA6U=
github.com/vcaesar/keycode v0.10.0 h1:Qx5QE8ZXHyRyjoA2QOxBp25OKMKB+zxMVqm0FWGV0d4=
github.com/vcaesar/keycode v0.10.0/go.mod h1:JNlY7xbKsh+LAGfY2j4M3znVrGEm5W1R8s/Uv6BJcfQ=
github.com/vcaesar/tt v0.20.0 h1:9t2Ycb9RNHcP0WgQgIaRKJBB+FrRdejuaL6uWIHuoBA=
github.com/vcaesar/tt v0.20.0/go.mod h1:GHPxQYhn+7OgKakRusH7KJ0M5MhywoeLb8Fcffs/Gtg=
golang.org/x/image v0.0.0-20210628002857-a66eb6448b8d/go.mod h1:023OzeP/+EPmXeapQh35lcL3II3LrY8Ic+EFFKVhULM=
golang.org/x/image v0.0.0-20211028202545-6944b10bf410 h1:hTftEOvwiOq2+O8k2D5/Q7COC7k5Qcrgc2TFURJYnvQ=
golang.org/x/image v0.0.0-20211028202545-6944b10bf410/go.mod h1:023OzeP/+EPmXeapQh35lcL3II3LrY8Ic+EFFKVhULM=
golang.org/x/net v0.0.0-20201110031124-69a78807bb2b h1:uwuIcX0g4Yl1NC5XAz37xsr2lTtcqevgzYNVt49waME=
golang.org/x/sys v0.0.0-20190916202348-b4ddaad3f8a3/go.mod h1:h1NjWce9XRLGQEsW7wpKNCjG9DtNlClVuFLEZdDNbEs=
golang.org/x/sys v0.0.0-20201018230417-eeed37f84f13/go.mod h1:h1NjWce9XRLGQEsW7wpKNCjG9DtNlClVuFLEZdDNbEs=
golang.org/x/sys v0.0.0-20210816074244-15123e1e1f71/go.mod h1:oPkhp1MJrh7nUepCBck5+mAzfO9JrbApNNgaTdGDITg=
golang.org/x/sys v0.0.0-20211123173158-ef496fb156ab h1:rfJ1bsoJQQIAoAxTxB7bme+vHrNkRw8CqfsYh9w54cw=
golang.org/x/sys v0.0.0-20211123173158-ef496fb156ab/go.mod h1:oPkhp1MJrh7nUepCBck5+mAzfO9JrbApNNgaTdGDITg=
golang.org/x/text v0.3.6/go.mod h1:5Zoc/QRtKVWzQhOtBMvqHzDpF6irO9z98xDceosuGiQ=
golang.org/x/tools v0.0.0-20180917221912-90fa682c2a6e/go.mod h1:n7NCudcB/nEzxVGmLbDWY5pfWTLqBcC2KZ6jyYvM4mQ=
gopkg.in/yaml.v3 v3.0.0-20210107192922-496545a6307b h1:h8qDotaEPuJATrMmW04NCwg7v22aHH28wwpauUhK9Oo=
